
Microsoft Visual Studio Solution File, Format Version 12.00
# Visual Studio 15
VisualStudioVersion = 15.0.28307.329
MinimumVisualStudioVersion = 10.0.40219.1
Project("{FAE04EC0-301F-11D3-BF4B-00C04F79EFBC}") = "Lab1", "Lab1\Lab1.csproj", "{814DDB21-67D4-4C35-903C-02FDD0B4F2B5}"
EndProject
Project("{FAE04EC0-301F-11D3-BF4B-00C04F79EFBC}") = "Example3_RollDice", "Example3\Example3_RollDice.csproj", "{9552A24F-ABE6-4EFB-9944-DD7F44ABD176}"
EndProject
Project("{FAE04EC0-301F-11D3-BF4B-00C04F79EFBC}") = "Example4_CheckIfNumber", "Example4\Example4_CheckIfNumber.csproj", "{E37AB1E0-7330-4794-97FA-5C4120BFC8DD}"
EndProject
Project("{FAE04EC0-301F-11D3-BF4B-00C04F79EFBC}") = "Example5_RadioButtons", "Example5_RadioButtons\Example5_RadioButtons.csproj", "{8FAB8D74-2F4A-403C-BA30-92B5517140D4}"
EndProject
Project("{FAE04EC0-301F-11D3-BF4B-00C04F79EFBC}") = "Exercise7_BiggerSmaller", "Exercise7_BiggerSmaller\Exercise7_BiggerSmaller.csproj", "{3A96A6E3-55EE-49D7-8823-D2E020D6CA42}"
EndProject
Project("{FAE04EC0-301F-11D3-BF4B-00C04F79EFBC}") = "Exercise8_Game", "Exercise8_Game\Exercise8_Game.csproj", "{3962AB41-558A-4A02-B328-B94F231ED3EE}"
EndProject
Global
	GlobalSection(SolutionConfigurationPlatforms) = preSolution
		Debug|Any CPU = Debug|Any CPU
		Release|Any CPU = Release|Any CPU
	EndGlobalSection
	GlobalSection(ProjectConfigurationPlatforms) = postSolution
		{814DDB21-67D4-4C35-903C-02FDD0B4F2B5}.Debug|Any CPU.ActiveCfg = Debug|Any CPU
		{814DDB21-67D4-4C35-903C-02FDD0B4F2B5}.Debug|Any CPU.Build.0 = Debug|Any CPU
		{814DDB21-67D4-4C35-903C-02FDD0B4F2B5}.Release|Any CPU.ActiveCfg = Release|Any CPU
		{814DDB21-67D4-4C35-903C-02FDD0B4F2B5}.Release|Any CPU.Build.0 = Release|Any CPU
		{9552A24F-ABE6-4EFB-9944-DD7F44ABD176}.Debug|Any CPU.ActiveCfg = Debug|Any CPU
		{9552A24F-ABE6-4EFB-9944-DD7F44ABD176}.Debug|Any CPU.Build.0 = Debug|Any CPU
		{9552A24F-ABE6-4EFB-9944-DD7F44ABD176}.Release|Any CPU.ActiveCfg = Release|Any CPU
		{9552A24F-ABE6-4EFB-9944-DD7F44ABD176}.Release|Any CPU.Build.0 = Release|Any CPU
		{E37AB1E0-7330-4794-97FA-5C4120BFC8DD}.Debug|Any CPU.ActiveCfg = Debug|Any CPU
		{E37AB1E0-7330-4794-97FA-5C4120BFC8DD}.Debug|Any CPU.Build.0 = Debug|Any CPU
		{E37AB1E0-7330-4794-97FA-5C4120BFC8DD}.Release|Any CPU.ActiveCfg = Release|Any CPU
		{E37AB1E0-7330-4794-97FA-5C4120BFC8DD}.Release|Any CPU.Build.0 = Release|Any CPU
		{8FAB8D74-2F4A-403C-BA30-92B5517140D4}.Debug|Any CPU.ActiveCfg = Debug|Any CPU
		{8FAB8D74-2F4A-403C-BA30-92B5517140D4}.Debug|Any CPU.Build.0 = Debug|Any CPU
		{8FAB8D74-2F4A-403C-BA30-92B5517140D4}.Release|Any CPU.ActiveCfg = Release|Any CPU
		{8FAB8D74-2F4A-403C-BA30-92B5517140D4}.Release|Any CPU.Build.0 = Release|Any CPU
		{3A96A6E3-55EE-49D7-8823-D2E020D6CA42}.Debug|Any CPU.ActiveCfg = Debug|Any CPU
		{3A96A6E3-55EE-49D7-8823-D2E020D6CA42}.Debug|Any CPU.Build.0 = Debug|Any CPU
		{3A96A6E3-55EE-49D7-8823-D2E020D6CA42}.Release|Any CPU.ActiveCfg = Release|Any CPU
		{3A96A6E3-55EE-49D7-8823-D2E020D6CA42}.Release|Any CPU.Build.0 = Release|Any CPU
		{3962AB41-558A-4A02-B328-B94F231ED3EE}.Debug|Any CPU.ActiveCfg = Debug|Any CPU
		{3962AB41-558A-4A02-B328-B94F231ED3EE}.Debug|Any CPU.Build.0 = Debug|Any CPU
		{3962AB41-558A-4A02-B328-B94F231ED3EE}.Release|Any CPU.ActiveCfg = Release|Any CPU
		{3962AB41-558A-4A02-B328-B94F231ED3EE}.Release|Any CPU.Build.0 = Release|Any CPU
	EndGlobalSection
	GlobalSection(SolutionProperties) = preSolution
		HideSolutionNode = FALSE
	EndGlobalSection
	GlobalSection(ExtensibilityGlobals) = postSolution
		SolutionGuid = {76331EC4-D631-4F97-A5D3-64BDB46A5597}
	EndGlobalSection
EndGlobal
